{
  "nodes": {
    "nixpkgs": {
      "locked": {
        "lastModified": 1736420959,
        "narHash": "sha256-dMGNa5UwdtowEqQac+Dr0d2tFO/60ckVgdhZU9q2E2o=",
        "owner": "nixos",
        "repo": "nixpkgs",
        "rev": "32af3611f6f05655ca166a0b1f47b57c762b5192",
        "type": "github"
      },
      "original": {
        "owner": "nixos",
        "ref": "nixpkgs-unstable",
        "repo": "nixpkgs",
        "type": "github"
      }
    },
    "root": {
      "inputs": {
        "nixpkgs": "nixpkgs",
        "vpnconfinement": "vpnconfinement"
      }
    },
    "vpnconfinement": {
      "locked": {
        "lastModified": 1731209328,
        "narHash": "sha256-b3jggBHZh20jUfBxoaIvew23czsw82zBc0aKxtkF3g8=",
        "owner": "Maroka-chan",
        "repo": "VPN-Confinement",
        "rev": "74e6fd47804b5ca69187200efbb14cf1ecb9ea07",
        "type": "github"
      },
      "original": {
        "owner": "Maroka-chan",
        "repo": "VPN-Confinement",
        "type": "github"
      }
    }
  },
  "root": "root",
  "version": 7
}
